{
  "name": "witchlang",
  "requires": true,
  "lockfileVersion": 1,
  "dependencies": {
    "bindings": {
      "version": "1.3.0",
      "resolved": "https://registry.npmjs.org/bindings/-/bindings-1.3.0.tgz",
      "integrity": "sha512-DpLh5EzMR2kzvX1KIlVC0VkC3iZtHKTgdtZ0a3pglBZdaQFjt5S9g9xd1lE+YvXyfd6mtCeRnrUfOLYiTMlNSw=="
    },
    "llvm-node": {
      "version": "2.0.4",
      "resolved": "https://registry.npmjs.org/llvm-node/-/llvm-node-2.0.4.tgz",
      "integrity": "sha512-Avm/78nC5k9JM+REV5NOYIvX2uL75mm6lFDWjASRp0d2GSgK/D/rLQHuuKLBjQsYZ+FIMH70DkNOwyArRVclpA==",
      "requires": {
        "bindings": "1.3.0",
        "nan": "2.7.0"
      }
    },
    "nan": {
      "version": "2.7.0",
      "resolved": "https://registry.npmjs.org/nan/-/nan-2.7.0.tgz",
      "integrity": "sha1-2Vv3IeyHfgjbJ27T/G63j5CDrUY="
    },
    "pegjs": {
      "version": "0.10.0",
      "resolved": "https://registry.npmjs.org/pegjs/-/pegjs-0.10.0.tgz",
      "integrity": "sha1-z4uvrm7d/0tafvsYUmnqr0YQ3b0="
    }
  }
}
